PODS:
  - Alamofire (4.0.1)
  - iCarousel (1.8.3)
  - PKHUD (4.0.0)

DEPENDENCIES:
  - Alamofire
  - iCarousel
  - PKHUD

SPEC CHECKSUMS:
  Alamofire: 7682d43245de14874acd142ec137b144aa1dd335
  iCarousel: d782f635afac190c49bb8ee455882284cff8b85f
  PKHUD: 2bb45c936bb8afa39f3cd33ec14e8cc89f624255

PODFILE CHECKSUM: 7a76dc6fc9f46e31e3e18ae389d19a323b02534a

COCOAPODS: 1.0.1
